
Microsoft Visual Studio Solution File, Format Version 12.00
# Visual Studio Version 17
VisualStudioVersion = 17.4.33213.308
MinimumVisualStudioVersion = 10.0.40219.1
Project("{9A19103F-16F7-4668-BE54-9A1E7A4F7556}") = "BarwyShopAPI", "BarwyShopAPI\BarwyShopAPI.csproj", "{2D1147BA-2278-4A51-A3AD-B6921C75ED26}"
EndProject
Project("{9A19103F-16F7-4668-BE54-9A1E7A4F7556}") = "DAL", "DAL\DAL.csproj", "{01DAF4C2-9AF9-421D-A9DB-1A7517A7B8D8}"
EndProject
Project("{FAE04EC0-301F-11D3-BF4B-00C04F79EFBC}") = "Infrastructure", "Infrastructure\Infrastructure.csproj", "{8E1626E2-28EC-4F57-A491-E82F8A473E67}"
EndProject
Global
	GlobalSection(SolutionConfigurationPlatforms) = preSolution
		Debug|Any CPU = Debug|Any CPU
		Release|Any CPU = Release|Any CPU
	EndGlobalSection
	GlobalSection(ProjectConfigurationPlatforms) = postSolution
		{2D1147BA-2278-4A51-A3AD-B6921C75ED26}.Debug|Any CPU.ActiveCfg = Debug|Any CPU
		{2D1147BA-2278-4A51-A3AD-B6921C75ED26}.Debug|Any CPU.Build.0 = Debug|Any CPU
		{2D1147BA-2278-4A51-A3AD-B6921C75ED26}.Release|Any CPU.ActiveCfg = Release|Any CPU
		{2D1147BA-2278-4A51-A3AD-B6921C75ED26}.Release|Any CPU.Build.0 = Release|Any CPU
		{01DAF4C2-9AF9-421D-A9DB-1A7517A7B8D8}.Debug|Any CPU.ActiveCfg = Debug|Any CPU
		{01DAF4C2-9AF9-421D-A9DB-1A7517A7B8D8}.Debug|Any CPU.Build.0 = Debug|Any CPU
		{01DAF4C2-9AF9-421D-A9DB-1A7517A7B8D8}.Release|Any CPU.ActiveCfg = Release|Any CPU
		{01DAF4C2-9AF9-421D-A9DB-1A7517A7B8D8}.Release|Any CPU.Build.0 = Release|Any CPU
		{8E1626E2-28EC-4F57-A491-E82F8A473E67}.Debug|Any CPU.ActiveCfg = Debug|Any CPU
		{8E1626E2-28EC-4F57-A491-E82F8A473E67}.Debug|Any CPU.Build.0 = Debug|Any CPU
		{8E1626E2-28EC-4F57-A491-E82F8A473E67}.Release|Any CPU.ActiveCfg = Release|Any CPU
		{8E1626E2-28EC-4F57-A491-E82F8A473E67}.Release|Any CPU.Build.0 = Release|Any CPU
	EndGlobalSection
	GlobalSection(SolutionProperties) = preSolution
		HideSolutionNode = FALSE
	EndGlobalSection
	GlobalSection(ExtensibilityGlobals) = postSolution
		SolutionGuid = {F0AF0C67-346C-44A8-9555-DF0DA45516BB}
	EndGlobalSection
EndGlobal
